// !$*UTF8*$!
{
	archiveVersion = 1;
	classes = {
	};
	objectVersion = 46;
	objects = {

/* Begin PBXBuildFile section */
		AE25E9851A1979180025EDA1 /* AppDelegate.swift in Sources */ = {isa = PBXBuildFile; fileRef = AE25E9841A1979180025EDA1 /* AppDelegate.swift */; };
		AE25E9871A1979180025EDA1 /* ViewController.swift in Sources */ = {isa = PBXBuildFile; fileRef = AE25E9861A1979180025EDA1 /* ViewController.swift */; };
		AE25E98A1A1979180025EDA1 /* Main.storyboard in Resources */ = {isa = PBXBuildFile; fileRef = AE25E9881A1979180025EDA1 /* Main.storyboard */; };
		AE25E98C1A1979180025EDA1 /* Images.xcassets in Resources */ = {isa = PBXBuildFile; fileRef = AE25E98B1A1979180025EDA1 /* Images.xcassets */; };
		AE25E98F1A1979180025EDA1 /* LaunchScreen.xib in Resources */ = {isa = PBXBuildFile; fileRef = AE25E98D1A1979180025EDA1 /* LaunchScreen.xib */; };
		AE25E99B1A1979180025EDA1 /* iOSMobileTipsSwiftTests.swift in Sources */ = {isa = PBXBuildFile; fileRef = AE25E99A1A1979180025EDA1 /* iOSMobileTipsSwiftTests.swift */; };
/* End PBXBuildFile section */

/* Begin PBXContainerItemProxy section */
		AE25E9951A1979180025EDA1 /* PBXContainerItemProxy */ = {
			isa = PBXContainerItemProxy;
			containerPortal = AE25E9771A1979180025EDA1 /* Project object */;
			proxyType = 1;
			remoteGlobalIDString = AE25E97E1A1979180025EDA1;
			remoteInfo = iOSMobileTipsSwift;
		};
/* End PBXContainerItemProxy section */

/* Begin PBXFileReference section */
		AE25E97F1A1979180025EDA1 /* iOSMobileTipsSwift.app */ = {isa = PBXFileReference; explicitFileType = wrapper.application; includeInIndex = 0; path = iOSMobileTipsSwift.app; sourceTree = BUILT_PRODUCTS_DIR; };
		AE25E9831A1979180025EDA1 /* Info.plist */ = {isa = PBXFileReference; lastKnownFileType = text.plist.xml; path = Info.plist; sourceTree = "<group>"; };
		AE25E9841A1979180025EDA1 /* AppDelegate.swift */ = {isa = PBXFileReference; lastKnownFileType = sourcecode.swift; path = AppDelegate.swift; sourceTree = "<group>"; };
		AE25E9861A1979180025EDA1 /* ViewController.swift */ = {isa = PBXFileReference; lastKnownFileType = sourcecode.swift; path = ViewController.swift; sourceTree = "<group>"; };
		AE25E9891A1979180025EDA1 /* Base */ = {isa = PBXFileReference; lastKnownFileType = file.storyboard; name = Base; path = Base.lproj/Main.storyboard; sourceTree = "<group>"; };
		AE25E98B1A1979180025EDA1 /* Images.xcassets */ = {isa = PBXFileReference; lastKnownFileType = folder.assetcatalog; path = Images.xcassets; sourceTree = "<group>"; };
		AE25E98E1A1979180025EDA1 /* Base */ = {isa = PBXFileReference; lastKnownFileType = file.xib; name = Base; path = Base.lproj/LaunchScreen.xib; sourceTree = "<group>"; };
		AE25E9941A1979180025EDA1 /* iOSMobileTipsSwiftTests.xctest */ = {isa = PBXFileReference; explicitFileType = wrapper.cfbundle; includeInIndex = 0; path = iOSMobileTipsSwiftTests.xctest; sourceTree = BUILT_PRODUCTS_DIR; };
		AE25E9991A1979180025EDA1 /* Info.plist */ = {isa = PBXFileReference; lastKnownFileType = text.plist.xml; path = Info.plist; sourceTree = "<group>"; };
		AE25E99A1A1979180025EDA1 /* iOSMobileTipsSwiftTests.swift */ = {isa = PBXFileReference; lastKnownFileType = sourcecode.swift; path = iOSMobileTipsSwiftTests.swift; sourceTree = "<group>"; };
/* End PBXFileReference section */

/* Begin PBXFrameworksBuildPhase section */
		AE25E97C1A1979180025EDA1 /* Frameworks */ = {
			isa = PBXFrameworksBuildPhase;
			buildActionMask = 2147483647;
			files = (
			);
			runOnlyForDeploymentPostprocessing = 0;
		};
		AE25E9911A1979180025EDA1 /* Frameworks */ = {
			isa = PBXFrameworksBuildPhase;
			buildActionMask = 2147483647;
			files = (
			);
			runOnlyForDeploymentPostprocessing = 0;
		};
/* End PBXFrameworksBuildPhase section */

/* Begin PBXGroup section */
		AE25E9761A1979180025EDA1 = {
			isa = PBXGroup;
			children = (
				AE25E9811A1979180025EDA1 /* iOSMobileTipsSwift */,
				AE25E9971A1979180025EDA1 /* iOSMobileTipsSwiftTests */,
				AE25E9801A1979180025EDA1 /* Products */,
			);
			sourceTree = "<group>";
		};
		AE25E9801A1979180025EDA1 /* Products */ = {
			isa = PBXGroup;
			children = (
				AE25E97F1A1979180025EDA1 /* iOSMobileTipsSwift.app */,
				AE25E9941A1979180025EDA1 /* iOSMobileTipsSwiftTests.xctest */,
			);
			name = Products;
			sourceTree = "<group>";
		};
		AE25E9811A1979180025EDA1 /* iOSMobileTipsSwift */ = {
			isa = PBXGroup;
			children = (
				AE25E9841A1979180025EDA1 /* AppDelegate.swift */,
				AE25E9861A1979180025EDA1 /* ViewController.swift */,
				AE25E9881A1979180025EDA1 /* Main.storyboard */,
				AE25E98B1A1979180025EDA1 /* Images.xcassets */,
				AE25E98D1A1979180025EDA1 /* LaunchScreen.xib */,
				AE25E9821A1979180025EDA1 /* Supporting Files */,
			);
			path = iOSMobileTipsSwift;
			sourceTree = "<group>";
		};
		AE25E9821A1979180025EDA1 /* Supporting Files */ = {
			isa = PBXGroup;
			children = (
				AE25E9831A1979180025EDA1 /* Info.plist */,
			);
			name = "Supporting Files";
			sourceTree = "<group>";
		};
		AE25E9971A1979180025EDA1 /* iOSMobileTipsSwiftTests */ = {
			isa = PBXGroup;
			children = (
				AE25E99A1A1979180025EDA1 /* iOSMobileTipsSwiftTests.swift */,
				AE25E9981A1979180025EDA1 /* Supporting Files */,
			);
			path = iOSMobileTipsSwiftTests;
			sourceTree = "<group>";
		};
		AE25E9981A1979180025EDA1 /* Supporting Files */ = {
			isa = PBXGroup;
			children = (
				AE25E9991A1979180025EDA1 /* Info.plist */,
			);
			name = "Supporting Files";
			sourceTree = "<group>";
		};
/* End PBXGroup section */

/* Begin PBXNativeTarget section */
		AE25E97E1A1979180025EDA1 /* iOSMobileTipsSwift */ = {
			isa = PBXNativeTarget;
			buildConfigurationList = AE25E99E1A1979180025EDA1 /* Build configuration list for PBXNativeTarget "iOSMobileTipsSwift" */;
			buildPhases = (
				AE25E97B1A1979180025EDA1 /* Sources */,
				AE25E97C1A1979180025EDA1 /* Frameworks */,
				AE25E97D1A1979180025EDA1 /* Resources */,
			);
			buildRules = (
			);
			dependencies = (
			);
			name = iOSMobileTipsSwift;
			productName = iOSMobileTipsSwift;
			productReference = AE25E97F1A1979180025EDA1 /* iOSMobileTipsSwift.app */;
			productType = "com.apple.product-type.application";
		};
		AE25E9931A1979180025EDA1 /* iOSMobileTipsSwiftTests */ = {
			isa = PBXNativeTarget;
			buildConfigurationList = AE25E9A11A1979180025EDA1 /* Build configuration list for PBXNativeTarget "iOSMobileTipsSwiftTests" */;
			buildPhases = (
				AE25E9901A1979180025EDA1 /* Sources */,
				AE25E9911A1979180025EDA1 /* Frameworks */,
				AE25E9921A1979180025EDA1 /* Resources */,
			);
			buildRules = (
			);
			dependencies = (
				AE25E9961A1979180025EDA1 /* PBXTargetDependency */,
			);
			name = iOSMobileTipsSwiftTests;
			productName = iOSMobileTipsSwiftTests;
			productReference = AE25E9941A1979180025EDA1 /* iOSMobileTipsSwiftTests.xctest */;
			productType = "com.apple.product-type.bundle.unit-test";
		};
/* End PBXNativeTarget section */

/* Begin PBXProject section */
		AE25E9771A1979180025EDA1 /* Project object */ = {
			isa = PBXProject;
			attributes = {
				LastUpgradeCheck = 0610;
				ORGANIZATIONNAME = Teacher;
				TargetAttributes = {
					AE25E97E1A1979180025EDA1 = {
						CreatedOnToolsVersion = 6.1;
					};
					AE25E9931A1979180025EDA1 = {
						CreatedOnToolsVersion = 6.1;
						TestTargetID = AE25E97E1A1979180025EDA1;
					};
				};
			};
			buildConfigurationList = AE25E97A1A1979180025EDA1 /* Build configuration list for PBXProject "iOSMobileTipsSwift" */;
			compatibilityVersion = "Xcode 3.2";
			developmentRegion = English;
			hasScannedForEncodings = 0;
			knownRegions = (
				en,
				Base,
			);
			mainGroup = AE25E9761A1979180025EDA1;
			productRefGroup = AE25E9801A1979180025EDA1 /* Products */;
			projectDirPath = "";
			projectRoot = "";
			targets = (
				AE25E97E1A1979180025EDA1 /* iOSMobileTipsSwift */,
				AE25E9931A1979180025EDA1 /* iOSMobileTipsSwiftTests */,
			);
		};
/* End PBXProject section */

/* Begin PBXResourcesBuildPhase section */
		AE25E97D1A1979180025EDA1 /* Resources */ = {
			isa = PBXResourcesBuildPhase;
			buildActionMask = 2147483647;
			files = (
				AE25E98A1A1979180025EDA1 /* Main.storyboard in Resources */,
				AE25E98F1A1979180025EDA1 /* LaunchScreen.xib in Resources */,
				AE25E98C1A1979180025EDA1 /* Images.xcassets in Resources */,
			);
			runOnlyForDeploymentPostprocessing = 0;
		};
		AE25E9921A1979180025EDA1 /* Resources */ = {
			isa = PBXResourcesBuildPhase;
			buildActionMask = 2147483647;
			files = (
			);
			runOnlyForDeploymentPostprocessing = 0;
		};
/* End PBXResourcesBuildPhase section */

/* Begin PBXSourcesBuildPhase section */
		AE25E97B1A1979180025EDA1 /* Sources */ = {
			isa = PBXSourcesBuildPhase;
			buildActionMask = 2147483647;
			files = (
				AE25E9871A1979180025EDA1 /* ViewController.swift in Sources */,
				AE25E9851A1979180025EDA1 /* AppDelegate.swift in Sources */,
			);
			runOnlyForDeploymentPostprocessing = 0;
		};
		AE25E9901A1979180025EDA1 /* Sources */ = {
			isa = PBXSourcesBuildPhase;
			buildActionMask = 2147483647;
			files = (
				AE25E99B1A1979180025EDA1 /* iOSMobileTipsSwiftTests.swift in Sources */,
			);
			runOnlyForDeploymentPostprocessing = 0;
		};
/* End PBXSourcesBuildPhase section */

/* Begin PBXTargetDependency section */
		AE25E9961A1979180025EDA1 /* PBXTargetDependency */ = {
			isa = PBXTargetDependency;
			target = AE25E97E1A1979180025EDA1 /* iOSMobileTipsSwift */;
			targetProxy = AE25E9951A1979180025EDA1 /* PBXContainerItemProxy */;
		};
/* End PBXTargetDependency section */

/* Begin PBXVariantGroup section */
		AE25E9881A1979180025EDA1 /* Main.storyboard */ = {
			isa = PBXVariantGroup;
			children = (
				AE25E9891A1979180025EDA1 /* Base */,
			);
			name = Main.storyboard;
			sourceTree = "<group>";
		};
		AE25E98D1A1979180025EDA1 /* LaunchScreen.xib */ = {
			isa = PBXVariantGroup;
			children = (
				AE25E98E1A1979180025EDA1 /* Base */,
			);
			name = LaunchScreen.xib;
			sourceTree = "<group>";
		};
/* End PBXVariantGroup section */

/* Begin XCBuildConfiguration section */
		AE25E99C1A1979180025EDA1 /* Debug */ = {
			isa = XCBuildConfiguration;
			buildSettings = {
				ALWAYS_SEARCH_USER_PATHS = NO;
				CLANG_CXX_LANGUAGE_STANDARD = "gnu++0x";
				CLANG_CXX_LIBRARY = "libc++";
				CLANG_ENABLE_MODULES = YES;
				CLANG_ENABLE_OBJC_ARC = YES;
				CLANG_WARN_BOOL_CONVERSION = YES;
				CLANG_WARN_CONSTANT_CONVERSION = YES;
				CLANG_WARN_DIRECT_OBJC_ISA_USAGE = YES_ERROR;
				CLANG_WARN_EMPTY_BODY = YES;
				CLANG_WARN_ENUM_CONVERSION = YES;
				CLANG_WARN_INT_CONVERSION = YES;
				CLANG_WARN_OBJC_ROOT_CLASS = YES_ERROR;
				CLANG_WARN_UNREACHABLE_CODE = YES;
				CLANG_WARN__DUPLICATE_METHOD_MATCH = YES;
				"CODE_SIGN_IDENTITY[sdk=iphoneos*]" = "iPhone Developer";
				COPY_PHASE_STRIP = NO;
				ENABLE_STRICT_OBJC_MSGSEND = YES;
				GCC_C_LANGUAGE_STANDARD = gnu99;
				GCC_DYNAMIC_NO_PIC = NO;
				GCC_OPTIMIZATION_LEVEL = 0;
				GCC_PREPROCESSOR_DEFINITIONS = (
					"DEBUG=1",
					"$(inherited)",
				);
				GCC_SYMBOLS_PRIVATE_EXTERN = NO;
				GCC_WARN_64_TO_32_BIT_CONVERSION = YES;
				GCC_WARN_ABOUT_RETURN_TYPE = YES_ERROR;
				GCC_WARN_UNDECLARED_SELECTOR = YES;
				GCC_WARN_UNINITIALIZED_AUTOS = YES_AGGRESSIVE;
				GCC_WARN_UNUSED_FUNCTION = YES;
				GCC_WARN_UNUSED_VARIABLE = YES;
				IPHONEOS_DEPLOYMENT_TARGET = 8.1;
				MTL_ENABLE_DEBUG_INFO = YES;
				ONLY_ACTIVE_ARCH = YES;
				SDKROOT = iphoneos;
				SWIFT_OPTIMIZATION_LEVEL = "-Onone";
				TARGETED_DEVICE_FAMILY = "1,2";
			};
			name = Debug;
		};
		AE25E99D1A1979180025EDA1 /* Release */ = {
			isa = XCBuildConfiguration;
			buildSettings = {
				ALWAYS_SEARCH_USER_PATHS = NO;
				CLANG_CXX_LANGUAGE_STANDARD = "gnu++0x";
				CLANG_CXX_LIBRARY = "libc++";
				CLANG_ENABLE_MODULES = YES;
				CLANG_ENABLE_OBJC_ARC = YES;
				CLANG_WARN_BOOL_CONVERSION = YES;
				CLANG_WARN_CONSTANT_CONVERSION = YES;
				CLANG_WARN_DIRECT_OBJC_ISA_USAGE = YES_ERROR;
				CLANG_WARN_EMPTY_BODY = YES;
				CLANG_WARN_ENUM_CONVERSION = YES;
				CLANG_WARN_INT_CONVERSION = YES;
				CLANG_WARN_OBJC_ROOT_CLASS = YES_ERROR;
				CLANG_WARN_UNREACHABLE_CODE = YES;
				CLANG_WARN__DUPLICATE_METHOD_MATCH = YES;
				"CODE_SIGN_IDENTITY[sdk=iphoneos*]" = "iPhone Developer";
				COPY_PHASE_STRIP = YES;
				ENABLE_NS_ASSERTIONS = NO;
				ENABLE_STRICT_OBJC_MSGSEND = YES;
				GCC_C_LANGUAGE_STANDARD = gnu99;
				GCC_WARN_64_TO_32_BIT_CONVERSION = YES;
				GCC_WARN_ABOUT_RETURN_TYPE = YES_ERROR;
				GCC_WARN_UNDECLARED_SELECTOR = YES;
				GCC_WARN_UNINITIALIZED_AUTOS = YES_AGGRESSIVE;
				GCC_WARN_UNUSED_FUNCTION = YES;
				GCC_WARN_UNUSED_VARIABLE = YES;
				IPHONEOS_DEPLOYMENT_TARGET = 8.1;
				MTL_ENABLE_DEBUG_INFO = NO;
				SDKROOT = iphoneos;
				TARGETED_DEVICE_FAMILY = "1,2";
				VALIDATE_PRODUCT = YES;
			};
			name = Release;
		};
		AE25E99F1A1979180025EDA1 /* Debug */ = {
			isa = XCBuildConfiguration;
			buildSettings = {
				ASSETCATALOG_COMPILER_APPICON_NAME = AppIcon;
				INFOPLIST_FILE = iOSMobileTipsSwift/Info.plist;
				LD_RUNPATH_SEARCH_PATHS = "$(inherited) @executable_path/Frameworks";
				PRODUCT_NAME = "$(TARGET_NAME)";
			};
			name = Debug;
		};
		AE25E9A01A1979180025EDA1 /* Release */ = {
			isa = XCBuildConfiguration;
			buildSettings = {
				ASSETCATALOG_COMPILER_APPICON_NAME = AppIcon;
				INFOPLIST_FILE = iOSMobileTipsSwift/Info.plist;
				LD_RUNPATH_SEARCH_PATHS = "$(inherited) @executable_path/Frameworks";
				PRODUCT_NAME = "$(TARGET_NAME)";
			};
			name = Release;
		};
		AE25E9A21A1979180025EDA1 /* Debug */ = {
			isa = XCBuildConfiguration;
			buildSettings = {
				BUNDLE_LOADER = "$(TEST_HOST)";
				FRAMEWORK_SEARCH_PATHS = (
					"$(SDKROOT)/Developer/Library/Frameworks",
					"$(inherited)",
				);
				GCC_PREPROCESSOR_DEFINITIONS = (
					"DEBUG=1",
					"$(inherited)",
				);
				INFOPLIST_FILE = iOSMobileTipsSwiftTests/Info.plist;
				LD_RUNPATH_SEARCH_PATHS = "$(inherited) @executable_path/Frameworks @loader_path/Frameworks";
				PRODUCT_NAME = "$(TARGET_NAME)";
				TEST_HOST = "$(BUILT_PRODUCTS_DIR)/iOSMobileTipsSwift.app/iOSMobileTipsSwift";
			};
			name = Debug;
		};
		AE25E9A31A1979180025EDA1 /* Release */ = {
			isa = XCBuildConfiguration;
			buildSettings = {
				BUNDLE_LOADER = "$(TEST_HOST)";
				FRAMEWORK_SEARCH_PATHS = (
					"$(SDKROOT)/Developer/Library/Frameworks",
					"$(inherited)",
				);
				INFOPLIST_FILE = iOSMobileTipsSwiftTests/Info.plist;
				LD_RUNPATH_SEARCH_PATHS = "$(inherited) @executable_path/Frameworks @loader_path/Frameworks";
				PRODUCT_NAME = "$(TARGET_NAME)";
				TEST_HOST = "$(BUILT_PRODUCTS_DIR)/iOSMobileTipsSwift.app/iOSMobileTipsSwift";
			};
			name = Release;
		};
/* End XCBuildConfiguration section */

/* Begin XCConfigurationList section */
		AE25E97A1A1979180025EDA1 /* Build configuration list for PBXProject "iOSMobileTipsSwift" */ = {
			isa = XCConfigurationList;
			buildConfigurations = (
				AE25E99C1A1979180025EDA1 /* Debug */,
				AE25E99D1A1979180025EDA1 /* Release */,
			);
			defaultConfigurationIsVisible = 0;
			defaultConfigurationName = Release;
		};
		AE25E99E1A1979180025EDA1 /* Build configuration list for PBXNativeTarget "iOSMobileTipsSwift" */ = {
			isa = XCConfigurationList;
			buildConfigurations = (
				AE25E99F1A1979180025EDA1 /* Debug */,
				AE25E9A01A1979180025EDA1 /* Release */,
			);
			defaultConfigurationIsVisible = 0;
		};
		AE25E9A11A1979180025EDA1 /* Build configuration list for PBXNativeTarget "iOSMobileTipsSwiftTests" */ = {
			isa = XCConfigurationList;
			buildConfigurations = (
				AE25E9A21A1979180025EDA1 /* Debug */,
				AE25E9A31A1979180025EDA1 /* Release */,
			);
			defaultConfigurationIsVisible = 0;
		};
/* End XCConfigurationList section */
	};
	rootObject = AE25E9771A1979180025EDA1 /* Project object */;
}
